
Microsoft Visual Studio Solution File, Format Version 12.00
# Visual Studio Version 16
VisualStudioVersion = 16.0.30523.141
MinimumVisualStudioVersion = 10.0.40219.1
Project("{FAE04EC0-301F-11D3-BF4B-00C04F79EFBC}") = "Videoclub", "Videoclub\Videoclub.csproj", "{97340D19-218C-4771-9A98-A48012B29910}"
EndProject
Global
	GlobalSection(SolutionConfigurationPlatforms) = preSolution
		Debug|Any CPU = Debug|Any CPU
		Release|Any CPU = Release|Any CPU
	EndGlobalSection
	GlobalSection(ProjectConfigurationPlatforms) = postSolution
		{97340D19-218C-4771-9A98-A48012B29910}.Debug|Any CPU.ActiveCfg = Debug|Any CPU
		{97340D19-218C-4771-9A98-A48012B29910}.Debug|Any CPU.Build.0 = Debug|Any CPU
		{97340D19-218C-4771-9A98-A48012B29910}.Release|Any CPU.ActiveCfg = Release|Any CPU
		{97340D19-218C-4771-9A98-A48012B29910}.Release|Any CPU.Build.0 = Release|Any CPU
	EndGlobalSection
	GlobalSection(SolutionProperties) = preSolution
		HideSolutionNode = FALSE
	EndGlobalSection
	GlobalSection(ExtensibilityGlobals) = postSolution
		SolutionGuid = {3C017652-448C-4109-A181-874B6AE5CAFE}
	EndGlobalSection
EndGlobal
